Microsoft Visual Studio Solution File, Format Version 12.00
# Visual Studio Version 17
VisualStudioVersion = 17.5.2.0
MinimumVisualStudioVersion = 10.0.40219.1
Project("{FAE04EC0-301F-11D3-BF4B-00C04F79EFBC}") = "WqpViewTest", "WqpViewTest.csproj", "{2C4481C2-6C23-E2A9-1DED-913BB052E37B}"
EndProject
Global
	GlobalSection(SolutionConfigurationPlatforms) = preSolution
		Debug|Any CPU = Debug|Any CPU
		Release|Any CPU = Release|Any CPU
	EndGlobalSection
	GlobalSection(ProjectConfigurationPlatforms) = postSolution
		{2C4481C2-6C23-E2A9-1DED-913BB052E37B}.Debug|Any CPU.ActiveCfg = Debug|Any CPU
		{2C4481C2-6C23-E2A9-1DED-913BB052E37B}.Debug|Any CPU.Build.0 = Debug|Any CPU
		{2C4481C2-6C23-E2A9-1DED-913BB052E37B}.Release|Any CPU.ActiveCfg = Release|Any CPU
		{2C4481C2-6C23-E2A9-1DED-913BB052E37B}.Release|Any CPU.Build.0 = Release|Any CPU
	EndGlobalSection
	GlobalSection(SolutionProperties) = preSolution
		HideSolutionNode = FALSE
	EndGlobalSection
	GlobalSection(ExtensibilityGlobals) = postSolution
		SolutionGuid = {40D46451-66A5-4F2D-AFB2-72B8EDA8A8C8}
	EndGlobalSection
EndGlobal
